markdownContent: | 
  # type: markdown
  
  See [`_data/compose/markdownBlock.yml`](https://github.com/gbif/jekyll-theme-algae/blob/master/_data/compose/markdownBlock.yml) for the content structure.

  # Procris quippe mentior urbes ubi

  Lorem markdownum spatium limes indefessus neque *at* orat aestuat, quicquam ne
  flavusque omnibus, virginis socerque sparsos vidimus eundem. Sustinet **ramo
  pontum ut** avus quamquam de trabes vestemque cruorem tremor.

  Viscera mercibus isdem hebetarat undas! Iubet ora ire unum telis adicit, si
  Telephus *valent*, instructo refers. Ille **est resque**, sic ruris erit ante
  profana detegeret. Et cogor tractus arboribus prensurum praesens memorantur
  neque inplet iussus temeraria merui **fas ecce** aethera dixit fieretque [plura
  tollebat altius](http://virgineusque.net/est.html).